# This file is autogenerated, do not edit; changes may be undone by the next 'dep ensure'.


[[projects]]
  branch = "master"
  name = "github.com/PuloV/ics-golang"
  packages = ["."]
  revision = "e6b6b056a5f11e8ddb5aba01b1badc53e7b9abca"

[[projects]]
  name = "github.com/go-telegram-bot-api/telegram-bot-api"
  packages = ["."]
  revision = "0a57807db79efce7f6719fbb2c0e0f83fda79aec"
  version = "v4.6"

[[projects]]
  branch = "master"
  name = "github.com/integraal/chat-ops-bot"
  packages = ["components/config","components/event","components/telegram","components/user"]
  revision = "7644483ac7610564d9dc73781b7732c10ffbe7dc"

[[projects]]
  name = "github.com/technoweenie/multipartstreamer"
  packages = ["."]
  revision = "a90a01d73ae432e2611d178c18367fbaa13e0154"
  version = "v1.0.1"

[solve-meta]
  analyzer-name = "dep"
  analyzer-version = 1
  inputs-digest = "f4d3d03bb2525c48cb378d2c62e444085a82c2db0da0264609cd224481602c31"
  solver-name = "gps-cdcl"
  solver-version = 1
