# This file is autogenerated, do not edit; changes may be undone by the next 'dep ensure'.


[[projects]]
  branch = "master"
  name = "github.com/PuloV/ics-golang"
  packages = ["."]
  revision = "e6b6b056a5f11e8ddb5aba01b1badc53e7b9abca"

[[projects]]
  name = "github.com/go-telegram-bot-api/telegram-bot-api"
  packages = ["."]
  revision = "0a57807db79efce7f6719fbb2c0e0f83fda79aec"
  version = "v4.6"

[[projects]]
  branch = "master"
  name = "github.com/integraal/chat-ops-bot"
  packages = ["components/config","components/user","event","telegram"]
  revision = "f1893aa1e30806f72551596be038e3dfd6e577c7"

[[projects]]
  name = "github.com/technoweenie/multipartstreamer"
  packages = ["."]
  revision = "a90a01d73ae432e2611d178c18367fbaa13e0154"
  version = "v1.0.1"

[solve-meta]
  analyzer-name = "dep"
  analyzer-version = 1
  inputs-digest = "ff0fcfbe27c8d51a12e0c2ccb6148fa44fe812ff7862b2704ecfb1c1918dcd40"
  solver-name = "gps-cdcl"
  solver-version = 1
